
Microsoft Visual Studio Solution File, Format Version 12.00
# Visual Studio Version 16
VisualStudioVersion = 16.0.30320.27
MinimumVisualStudioVersion = 10.0.40219.1
Project("{9A19103F-16F7-4668-BE54-9A1E7A4F7556}") = "Show Report in the Viewer", "Show Report in the Viewer\Show Report in the Viewer.csproj", "{FF9B53F6-736E-442D-A25A-CC8C3C1B5A37}"
EndProject
Project("{9A19103F-16F7-4668-BE54-9A1E7A4F7556}") = "Using Report Variables", "Using Report Variables\Using Report Variables.csproj", "{B068E439-F9E4-47EA-A1E2-CF6E306E9FE6}"
EndProject
Project("{9A19103F-16F7-4668-BE54-9A1E7A4F7556}") = "Runtime Report Creation", "Runtime Report Creation\Runtime Report Creation.csproj", "{F77B91F1-B9B7-423D-8C71-F010F7654DC6}"
EndProject
Project("{9A19103F-16F7-4668-BE54-9A1E7A4F7556}") = "Localization of the User Interface", "Localization of the User Interface\Localization of the User Interface.csproj", "{047C5721-EAC5-448C-BDFC-68B86BC353FF}"
EndProject
Project("{9A19103F-16F7-4668-BE54-9A1E7A4F7556}") = "Export and Print Report from Code", "Export and Print Report from Code\Export and Print Report from Code.csproj", "{1CDAC32F-79E8-4B06-A29D-0EB504D005A3}"
EndProject
Project("{9A19103F-16F7-4668-BE54-9A1E7A4F7556}") = "Edit Report in the Designer", "Edit Report in the Designer\Edit Report in the Designer.csproj", "{EA973DAF-9393-476E-9BA7-E5F68D62FE46}"
EndProject
Project("{FAE04EC0-301F-11D3-BF4B-00C04F79EFBC}") = "Connect to Data from the Code", "Connect to Data from the Code\Connect to Data from the Code.csproj", "{BD873DF2-4BAD-4BF4-9979-0F41CED18724}"
EndProject
Global
	GlobalSection(SolutionConfigurationPlatforms) = preSolution
		Debug|Any CPU = Debug|Any CPU
		Release|Any CPU = Release|Any CPU
	EndGlobalSection
	GlobalSection(ProjectConfigurationPlatforms) = postSolution
		{FF9B53F6-736E-442D-A25A-CC8C3C1B5A37}.Debug|Any CPU.ActiveCfg = Debug|Any CPU
		{FF9B53F6-736E-442D-A25A-CC8C3C1B5A37}.Debug|Any CPU.Build.0 = Debug|Any CPU
		{FF9B53F6-736E-442D-A25A-CC8C3C1B5A37}.Release|Any CPU.ActiveCfg = Release|Any CPU
		{FF9B53F6-736E-442D-A25A-CC8C3C1B5A37}.Release|Any CPU.Build.0 = Release|Any CPU
		{B068E439-F9E4-47EA-A1E2-CF6E306E9FE6}.Debug|Any CPU.ActiveCfg = Debug|Any CPU
		{B068E439-F9E4-47EA-A1E2-CF6E306E9FE6}.Debug|Any CPU.Build.0 = Debug|Any CPU
		{B068E439-F9E4-47EA-A1E2-CF6E306E9FE6}.Release|Any CPU.ActiveCfg = Release|Any CPU
		{B068E439-F9E4-47EA-A1E2-CF6E306E9FE6}.Release|Any CPU.Build.0 = Release|Any CPU
		{F77B91F1-B9B7-423D-8C71-F010F7654DC6}.Debug|Any CPU.ActiveCfg = Debug|Any CPU
		{F77B91F1-B9B7-423D-8C71-F010F7654DC6}.Debug|Any CPU.Build.0 = Debug|Any CPU
		{F77B91F1-B9B7-423D-8C71-F010F7654DC6}.Release|Any CPU.ActiveCfg = Release|Any CPU
		{F77B91F1-B9B7-423D-8C71-F010F7654DC6}.Release|Any CPU.Build.0 = Release|Any CPU
		{047C5721-EAC5-448C-BDFC-68B86BC353FF}.Debug|Any CPU.ActiveCfg = Debug|Any CPU
		{047C5721-EAC5-448C-BDFC-68B86BC353FF}.Debug|Any CPU.Build.0 = Debug|Any CPU
		{047C5721-EAC5-448C-BDFC-68B86BC353FF}.Release|Any CPU.ActiveCfg = Release|Any CPU
		{047C5721-EAC5-448C-BDFC-68B86BC353FF}.Release|Any CPU.Build.0 = Release|Any CPU
		{1CDAC32F-79E8-4B06-A29D-0EB504D005A3}.Debug|Any CPU.ActiveCfg = Debug|Any CPU
		{1CDAC32F-79E8-4B06-A29D-0EB504D005A3}.Debug|Any CPU.Build.0 = Debug|Any CPU
		{1CDAC32F-79E8-4B06-A29D-0EB504D005A3}.Release|Any CPU.ActiveCfg = Release|Any CPU
		{1CDAC32F-79E8-4B06-A29D-0EB504D005A3}.Release|Any CPU.Build.0 = Release|Any CPU
		{EA973DAF-9393-476E-9BA7-E5F68D62FE46}.Debug|Any CPU.ActiveCfg = Debug|Any CPU
		{EA973DAF-9393-476E-9BA7-E5F68D62FE46}.Debug|Any CPU.Build.0 = Debug|Any CPU
		{EA973DAF-9393-476E-9BA7-E5F68D62FE46}.Release|Any CPU.ActiveCfg = Release|Any CPU
		{EA973DAF-9393-476E-9BA7-E5F68D62FE46}.Release|Any CPU.Build.0 = Release|Any CPU
		{BD873DF2-4BAD-4BF4-9979-0F41CED18724}.Debug|Any CPU.ActiveCfg = Debug|Any CPU
		{BD873DF2-4BAD-4BF4-9979-0F41CED18724}.Debug|Any CPU.Build.0 = Debug|Any CPU
		{BD873DF2-4BAD-4BF4-9979-0F41CED18724}.Release|Any CPU.ActiveCfg = Release|Any CPU
		{BD873DF2-4BAD-4BF4-9979-0F41CED18724}.Release|Any CPU.Build.0 = Release|Any CPU
	EndGlobalSection
	GlobalSection(SolutionProperties) = preSolution
		HideSolutionNode = FALSE
	EndGlobalSection
	GlobalSection(ExtensibilityGlobals) = postSolution
		SolutionGuid = {B843967E-0650-4E86-80A7-1E30489D1FC1}
	EndGlobalSection
EndGlobal
